
Microsoft Visual Studio Solution File, Format Version 12.00
# Visual Studio Version 17
VisualStudioVersion = 17.14.36408.4 d17.14
MinimumVisualStudioVersion = 10.0.40219.1
Project("{FAE04EC0-301F-11D3-BF4B-00C04F79EFBC}") = "sharpsyscall", "sharpsyscall\sharpsyscall.csproj", "{B52E8A41-8ED7-43AC-A24F-95F6CAB72124}"
EndProject
Global
	GlobalSection(SolutionConfigurationPlatforms) = preSolution
		Debug|Any CPU = Debug|Any CPU
		Release|Any CPU = Release|Any CPU
	EndGlobalSection
	GlobalSection(ProjectConfigurationPlatforms) = postSolution
		{B52E8A41-8ED7-43AC-A24F-95F6CAB72124}.Debug|Any CPU.ActiveCfg = Debug|Any CPU
		{B52E8A41-8ED7-43AC-A24F-95F6CAB72124}.Debug|Any CPU.Build.0 = Debug|Any CPU
		{B52E8A41-8ED7-43AC-A24F-95F6CAB72124}.Release|Any CPU.ActiveCfg = Release|Any CPU
		{B52E8A41-8ED7-43AC-A24F-95F6CAB72124}.Release|Any CPU.Build.0 = Release|Any CPU
	EndGlobalSection
	GlobalSection(SolutionProperties) = preSolution
		HideSolutionNode = FALSE
	EndGlobalSection
	GlobalSection(ExtensibilityGlobals) = postSolution
		SolutionGuid = {F25EC94B-DA80-4584-BD44-7A7BE1C993F1}
	EndGlobalSection
EndGlobal
